
Microsoft Visual Studio Solution File, Format Version 12.00
# Visual Studio Version 17
VisualStudioVersion = 17.7.34031.279
MinimumVisualStudioVersion = 10.0.40219.1
Project("{FAE04EC0-301F-11D3-BF4B-00C04F79EFBC}") = "Tarea2", "Tarea2\Tarea2.csproj", "{40C525AC-7B39-4E14-B6D3-BC4E7B06AE08}"
EndProject
Project("{FAE04EC0-301F-11D3-BF4B-00C04F79EFBC}") = "PromedioEstudiantes", "PromedioEstudiantes\PromedioEstudiantes.csproj", "{57D1B410-448D-43C0-8954-B1AFDD547BA0}"
EndProject
Project("{FAE04EC0-301F-11D3-BF4B-00C04F79EFBC}") = "VentaProductos", "VentaProductos\VentaProductos.csproj", "{39B23700-4A88-4C4F-9E9A-F1EC0F3665EE}"
EndProject
Global
	GlobalSection(SolutionConfigurationPlatforms) = preSolution
		Debug|Any CPU = Debug|Any CPU
		Release|Any CPU = Release|Any CPU
	EndGlobalSection
	GlobalSection(ProjectConfigurationPlatforms) = postSolution
		{40C525AC-7B39-4E14-B6D3-BC4E7B06AE08}.Debug|Any CPU.ActiveCfg = Debug|Any CPU
		{40C525AC-7B39-4E14-B6D3-BC4E7B06AE08}.Debug|Any CPU.Build.0 = Debug|Any CPU
		{40C525AC-7B39-4E14-B6D3-BC4E7B06AE08}.Release|Any CPU.ActiveCfg = Release|Any CPU
		{40C525AC-7B39-4E14-B6D3-BC4E7B06AE08}.Release|Any CPU.Build.0 = Release|Any CPU
		{57D1B410-448D-43C0-8954-B1AFDD547BA0}.Debug|Any CPU.ActiveCfg = Debug|Any CPU
		{57D1B410-448D-43C0-8954-B1AFDD547BA0}.Debug|Any CPU.Build.0 = Debug|Any CPU
		{57D1B410-448D-43C0-8954-B1AFDD547BA0}.Release|Any CPU.ActiveCfg = Release|Any CPU
		{57D1B410-448D-43C0-8954-B1AFDD547BA0}.Release|Any CPU.Build.0 = Release|Any CPU
		{39B23700-4A88-4C4F-9E9A-F1EC0F3665EE}.Debug|Any CPU.ActiveCfg = Debug|Any CPU
		{39B23700-4A88-4C4F-9E9A-F1EC0F3665EE}.Debug|Any CPU.Build.0 = Debug|Any CPU
		{39B23700-4A88-4C4F-9E9A-F1EC0F3665EE}.Release|Any CPU.ActiveCfg = Release|Any CPU
		{39B23700-4A88-4C4F-9E9A-F1EC0F3665EE}.Release|Any CPU.Build.0 = Release|Any CPU
	EndGlobalSection
	GlobalSection(SolutionProperties) = preSolution
		HideSolutionNode = FALSE
	EndGlobalSection
	GlobalSection(ExtensibilityGlobals) = postSolution
		SolutionGuid = {3D321D53-228F-4E38-AD34-FD0E4AE0CD3A}
	EndGlobalSection
EndGlobal
